
Microsoft Visual Studio Solution File, Format Version 12.00
# Visual Studio 15
VisualStudioVersion = 15.0.26430.6
MinimumVisualStudioVersion = 10.0.40219.1
Project("{2150E333-8FDC-42A3-9474-1A3956D46DE8}") = "4 - Infra", "4 - Infra", "{BE851F35-AAA6-4C96-807A-E5B12665BEED}"
EndProject
Project("{2150E333-8FDC-42A3-9474-1A3956D46DE8}") = "3- Domain", "3- Domain", "{64D04880-ED45-4622-84BC-79CE0548460B}"
EndProject
Project("{2150E333-8FDC-42A3-9474-1A3956D46DE8}") = "2 - Servico", "2 - Servico", "{E628EEB1-4A52-4322-BCCF-F3E8FB3DE25F}"
EndProject
Project("{2150E333-8FDC-42A3-9474-1A3956D46DE8}") = "1 - Aplicacao", "1 - Aplicacao", "{0279B9B4-AFB7-44C7-A190-7EB6E7AFFDE0}"
EndProject
Project("{2150E333-8FDC-42A3-9474-1A3956D46DE8}") = "1.2 - MVC", "1.2 - MVC", "{837EAB02-7914-4588-B0DA-C897ECD9B623}"
EndProject
Project("{FAE04EC0-301F-11D3-BF4B-00C04F79EFBC}") = "SMOS.Application", "SMOS.Application\SMOS.Application.csproj", "{ACA1FB16-80E0-434A-ABF0-4581FA749EC8}"
EndProject
Project("{FAE04EC0-301F-11D3-BF4B-00C04F79EFBC}") = "SMOS.Servico", "SMOS.Servico\SMOS.Servico.csproj", "{C3886B4D-E869-4AF2-890C-F382C7A60950}"
EndProject
Project("{FAE04EC0-301F-11D3-BF4B-00C04F79EFBC}") = "SMOS.Domain", "SMOS.Domain\SMOS.Domain.csproj", "{189CB68F-00D3-462E-9EFF-C3F01B06FDED}"
EndProject
Project("{FAE04EC0-301F-11D3-BF4B-00C04F79EFBC}") = "SMOS.Infra", "SMOS.Infra\SMOS.Infra.csproj", "{5EA6E3BF-77D5-4E99-8747-9403E66E9FA4}"
EndProject
Project("{2150E333-8FDC-42A3-9474-1A3956D46DE8}") = "5 - Util", "5 - Util", "{03FC0B5F-45C1-446C-95DF-3CE1D95E491C}"
EndProject
Project("{FAE04EC0-301F-11D3-BF4B-00C04F79EFBC}") = "SMOS.Util", "SMOS.Util\SMOS.Util.csproj", "{1B3E7106-6D16-4B96-87C5-F15E18FFC08F}"
EndProject
Global
	GlobalSection(SolutionConfigurationPlatforms) = preSolution
		Debug|Any CPU = Debug|Any CPU
		Release|Any CPU = Release|Any CPU
	EndGlobalSection
	GlobalSection(ProjectConfigurationPlatforms) = postSolution
		{ACA1FB16-80E0-434A-ABF0-4581FA749EC8}.Debug|Any CPU.ActiveCfg = Debug|Any CPU
		{ACA1FB16-80E0-434A-ABF0-4581FA749EC8}.Debug|Any CPU.Build.0 = Debug|Any CPU
		{ACA1FB16-80E0-434A-ABF0-4581FA749EC8}.Release|Any CPU.ActiveCfg = Release|Any CPU
		{ACA1FB16-80E0-434A-ABF0-4581FA749EC8}.Release|Any CPU.Build.0 = Release|Any CPU
		{C3886B4D-E869-4AF2-890C-F382C7A60950}.Debug|Any CPU.ActiveCfg = Debug|Any CPU
		{C3886B4D-E869-4AF2-890C-F382C7A60950}.Debug|Any CPU.Build.0 = Debug|Any CPU
		{C3886B4D-E869-4AF2-890C-F382C7A60950}.Release|Any CPU.ActiveCfg = Release|Any CPU
		{C3886B4D-E869-4AF2-890C-F382C7A60950}.Release|Any CPU.Build.0 = Release|Any CPU
		{189CB68F-00D3-462E-9EFF-C3F01B06FDED}.Debug|Any CPU.ActiveCfg = Debug|Any CPU
		{189CB68F-00D3-462E-9EFF-C3F01B06FDED}.Debug|Any CPU.Build.0 = Debug|Any CPU
		{189CB68F-00D3-462E-9EFF-C3F01B06FDED}.Release|Any CPU.ActiveCfg = Release|Any CPU
		{189CB68F-00D3-462E-9EFF-C3F01B06FDED}.Release|Any CPU.Build.0 = Release|Any CPU
		{5EA6E3BF-77D5-4E99-8747-9403E66E9FA4}.Debug|Any CPU.ActiveCfg = Debug|Any CPU
		{5EA6E3BF-77D5-4E99-8747-9403E66E9FA4}.Debug|Any CPU.Build.0 = Debug|Any CPU
		{5EA6E3BF-77D5-4E99-8747-9403E66E9FA4}.Release|Any CPU.ActiveCfg = Release|Any CPU
		{5EA6E3BF-77D5-4E99-8747-9403E66E9FA4}.Release|Any CPU.Build.0 = Release|Any CPU
		{1B3E7106-6D16-4B96-87C5-F15E18FFC08F}.Debug|Any CPU.ActiveCfg = Debug|Any CPU
		{1B3E7106-6D16-4B96-87C5-F15E18FFC08F}.Debug|Any CPU.Build.0 = Debug|Any CPU
		{1B3E7106-6D16-4B96-87C5-F15E18FFC08F}.Release|Any CPU.ActiveCfg = Release|Any CPU
		{1B3E7106-6D16-4B96-87C5-F15E18FFC08F}.Release|Any CPU.Build.0 = Release|Any CPU
	EndGlobalSection
	GlobalSection(SolutionProperties) = preSolution
		HideSolutionNode = FALSE
	EndGlobalSection
	GlobalSection(NestedProjects) = preSolution
		{837EAB02-7914-4588-B0DA-C897ECD9B623} = {0279B9B4-AFB7-44C7-A190-7EB6E7AFFDE0}
		{ACA1FB16-80E0-434A-ABF0-4581FA749EC8} = {837EAB02-7914-4588-B0DA-C897ECD9B623}
		{C3886B4D-E869-4AF2-890C-F382C7A60950} = {E628EEB1-4A52-4322-BCCF-F3E8FB3DE25F}
		{189CB68F-00D3-462E-9EFF-C3F01B06FDED} = {64D04880-ED45-4622-84BC-79CE0548460B}
		{5EA6E3BF-77D5-4E99-8747-9403E66E9FA4} = {BE851F35-AAA6-4C96-807A-E5B12665BEED}
		{1B3E7106-6D16-4B96-87C5-F15E18FFC08F} = {03FC0B5F-45C1-446C-95DF-3CE1D95E491C}
	EndGlobalSection
EndGlobal
